
Microsoft Visual Studio Solution File, Format Version 12.00
# Visual Studio Version 16
VisualStudioVersion = 16.0.30804.86
MinimumVisualStudioVersion = 10.0.40219.1
Project("{9A19103F-16F7-4668-BE54-9A1E7A4F7556}") = "BulkyBookMVC", "BulkyBookMVC.csproj", "{9FF602AB-4081-4620-89C7-D94923C1E200}"
EndProject
Project("{FAE04EC0-301F-11D3-BF4B-00C04F79EFBC}") = "BulkyBook.DataAccess", "..\BulkyBook.DataAccess\BulkyBook.DataAccess.csproj", "{1304B108-142B-46B7-A8E3-CAADEF66C92D}"
EndProject
Project("{FAE04EC0-301F-11D3-BF4B-00C04F79EFBC}") = "BulkyBook.Models", "..\BulkyBook.Models\BulkyBook.Models.csproj", "{B49D7971-7E1E-4254-B371-09FE552E80AB}"
EndProject
Global
	GlobalSection(SolutionConfigurationPlatforms) = preSolution
		Debug|Any CPU = Debug|Any CPU
		Release|Any CPU = Release|Any CPU
	EndGlobalSection
	GlobalSection(ProjectConfigurationPlatforms) = postSolution
		{9FF602AB-4081-4620-89C7-D94923C1E200}.Debug|Any CPU.ActiveCfg = Debug|Any CPU
		{9FF602AB-4081-4620-89C7-D94923C1E200}.Debug|Any CPU.Build.0 = Debug|Any CPU
		{9FF602AB-4081-4620-89C7-D94923C1E200}.Release|Any CPU.ActiveCfg = Release|Any CPU
		{9FF602AB-4081-4620-89C7-D94923C1E200}.Release|Any CPU.Build.0 = Release|Any CPU
		{1304B108-142B-46B7-A8E3-CAADEF66C92D}.Debug|Any CPU.ActiveCfg = Debug|Any CPU
		{1304B108-142B-46B7-A8E3-CAADEF66C92D}.Debug|Any CPU.Build.0 = Debug|Any CPU
		{1304B108-142B-46B7-A8E3-CAADEF66C92D}.Release|Any CPU.ActiveCfg = Release|Any CPU
		{1304B108-142B-46B7-A8E3-CAADEF66C92D}.Release|Any CPU.Build.0 = Release|Any CPU
		{B49D7971-7E1E-4254-B371-09FE552E80AB}.Debug|Any CPU.ActiveCfg = Debug|Any CPU
		{B49D7971-7E1E-4254-B371-09FE552E80AB}.Debug|Any CPU.Build.0 = Debug|Any CPU
		{B49D7971-7E1E-4254-B371-09FE552E80AB}.Release|Any CPU.ActiveCfg = Release|Any CPU
		{B49D7971-7E1E-4254-B371-09FE552E80AB}.Release|Any CPU.Build.0 = Release|Any CPU
	EndGlobalSection
	GlobalSection(SolutionProperties) = preSolution
		HideSolutionNode = FALSE
	EndGlobalSection
	GlobalSection(ExtensibilityGlobals) = postSolution
		SolutionGuid = {941943C3-D27A-4759-A8C2-1071ADD29D91}
	EndGlobalSection
EndGlobal
